github.com/google/uuid v1.1.4/go.mod h1:TIyPZe4MgqvfeYDBFedMoGGpEw/LqOeaOT+nhxU+yHo=
github.com/stackus/edat v0.0.1 h1:OdafYerfymR5zEyb2+33/IMy3IWrv86/x1nDxQe0unk=
github.com/stackus/edat v0.0.1/go.mod h1:gRk0B+3n+45YPMsDk8upUMgaTDRjgDPPlRxE91dMvAU=
golang.org/x/sync v0.0.0-20201207232520-09787c993a3a/go.mod h1:RxMgew5VJxzue5/jJTE5uejpjVlOe/izrB70Jof72aM=
